// !$*UTF8*$!
{
	archiveVersion = 1;
	classes = {
	};
	objectVersion = 77;
	objects = {

/* Begin PBXContainerItemProxy section */
		BDE3127F2CF7D9A40036A511 /* PBXContainerItemProxy */ = {
			isa = PBXContainerItemProxy;
			containerPortal = BDE312652CF7D9A20036A511 /* Project object */;
			proxyType = 1;
			remoteGlobalIDString = BDE3126C2CF7D9A20036A511;
			remoteInfo = "Tracker Hub";
		};
		BDE312892CF7D9A40036A511 /* PBXContainerItemProxy */ = {
			isa = PBXContainerItemProxy;
			containerPortal = BDE312652CF7D9A20036A511 /* Project object */;
			proxyType = 1;
			remoteGlobalIDString = BDE3126C2CF7D9A20036A511;
			remoteInfo = "Tracker Hub";
		};
/* End PBXContainerItemProxy section */

/* Begin PBXFileReference section */
		BDE3126D2CF7D9A20036A511 /* Tracker Hub.app */ = {isa = PBXFileReference; explicitFileType = wrapper.application; includeInIndex = 0; path = "Tracker Hub.app"; sourceTree = BUILT_PRODUCTS_DIR; };
		BDE3127E2CF7D9A40036A511 /* Tracker HubTests.xctest */ = {isa = PBXFileReference; explicitFileType = wrapper.cfbundle; includeInIndex = 0; path = "Tracker HubTests.xctest"; sourceTree = BUILT_PRODUCTS_DIR; };
		BDE312882CF7D9A40036A511 /* Tracker HubUITests.xctest */ = {isa = PBXFileReference; explicitFileType = wrapper.cfbundle; includeInIndex = 0; path = "Tracker HubUITests.xctest"; sourceTree = BUILT_PRODUCTS_DIR; };
/* End PBXFileReference section */

/* Begin PBXFileSystemSynchronizedBuildFileExceptionSet section */
		BDE312D62CF9CD7C0036A511 /* Exceptions for "Fonts" folder in "Tracker Hub" target */ = {
			isa = PBXFileSystemSynchronizedBuildFileExceptionSet;
			membershipExceptions = (
				"Readex Pro/ReadexPro-Bold.ttf",
				"Readex Pro/ReadexPro-ExtraLight.ttf",
				"Readex Pro/ReadexPro-Light.ttf",
				"Readex Pro/ReadexPro-Medium.ttf",
				"Readex Pro/ReadexPro-Regular.ttf",
				"Readex Pro/ReadexPro-SemiBold.ttf",
			);
			target = BDE3126C2CF7D9A20036A511 /* Tracker Hub */;
		};
/* End PBXFileSystemSynchronizedBuildFileExceptionSet section */

/* Begin PBXFileSystemSynchronizedRootGroup section */
		BDE3126F2CF7D9A20036A511 /* Tracker Hub */ = {
			isa = PBXFileSystemSynchronizedRootGroup;
			path = "Tracker Hub";
			sourceTree = "<group>";
		};
		BDE312812CF7D9A40036A511 /* Tracker HubTests */ = {
			isa = PBXFileSystemSynchronizedRootGroup;
			path = "Tracker HubTests";
			sourceTree = "<group>";
		};
		BDE3128B2CF7D9A40036A511 /* Tracker HubUITests */ = {
			isa = PBXFileSystemSynchronizedRootGroup;
			path = "Tracker HubUITests";
			sourceTree = "<group>";
		};
		BDE312B02CF7E59F0036A511 /* Themes */ = {
			isa = PBXFileSystemSynchronizedRootGroup;
			path = Themes;
			sourceTree = "<group>";
		};
		BDE312C92CF9A9550036A511 /* Fonts */ = {
			isa = PBXFileSystemSynchronizedRootGroup;
			exceptions = (
				BDE312D62CF9CD7C0036A511 /* Exceptions for "Fonts" folder in "Tracker Hub" target */,
			);
			path = Fonts;
			sourceTree = "<group>";
		};
/* End PBXFileSystemSynchronizedRootGroup section */

/* Begin PBXFrameworksBuildPhase section */
		BDE3126A2CF7D9A20036A511 /* Frameworks */ = {
			isa = PBXFrameworksBuildPhase;
			buildActionMask = 2147483647;
			files = (
			);
			runOnlyForDeploymentPostprocessing = 0;
		};
		BDE3127B2CF7D9A40036A511 /* Frameworks */ = {
			isa = PBXFrameworksBuildPhase;
			buildActionMask = 2147483647;
			files = (
			);
			runOnlyForDeploymentPostprocessing = 0;
		};
		BDE312852CF7D9A40036A511 /* Frameworks */ = {
			isa = PBXFrameworksBuildPhase;
			buildActionMask = 2147483647;
			files = (
			);
			runOnlyForDeploymentPostprocessing = 0;
		};
/* End PBXFrameworksBuildPhase section */

/* Begin PBXGroup section */
		BDE312642CF7D9A20036A511 = {
			isa = PBXGroup;
			children = (
				BDE312B02CF7E59F0036A511 /* Themes */,
				BDE3126F2CF7D9A20036A511 /* Tracker Hub */,
				BDE312812CF7D9A40036A511 /* Tracker HubTests */,
				BDE3128B2CF7D9A40036A511 /* Tracker HubUITests */,
				BDE3126E2CF7D9A20036A511 /* Products */,
				BDE312C82CF9A9470036A511 /* static */,
			);
			sourceTree = "<group>";
		};
		BDE3126E2CF7D9A20036A511 /* Products */ = {
			isa = PBXGroup;
			children = (
				BDE3126D2CF7D9A20036A511 /* Tracker Hub.app */,
				BDE3127E2CF7D9A40036A511 /* Tracker HubTests.xctest */,
				BDE312882CF7D9A40036A511 /* Tracker HubUITests.xctest */,
			);
			name = Products;
			sourceTree = "<group>";
		};
		BDE312C82CF9A9470036A511 /* static */ = {
			isa = PBXGroup;
			children = (
				BDE312C92CF9A9550036A511 /* Fonts */,
			);
			path = static;
			sourceTree = "<group>";
		};
/* End PBXGroup section */

/* Begin PBXNativeTarget section */
		BDE3126C2CF7D9A20036A511 /* Tracker Hub */ = {
			isa = PBXNativeTarget;
			buildConfigurationList = BDE312922CF7D9A40036A511 /* Build configuration list for PBXNativeTarget "Tracker Hub" */;
			buildPhases = (
				BDE312692CF7D9A20036A511 /* Sources */,
				BDE3126A2CF7D9A20036A511 /* Frameworks */,
				BDE3126B2CF7D9A20036A511 /* Resources */,
			);
			buildRules = (
			);
			dependencies = (
			);
			fileSystemSynchronizedGroups = (
				BDE3126F2CF7D9A20036A511 /* Tracker Hub */,
				BDE312B02CF7E59F0036A511 /* Themes */,
			);
			name = "Tracker Hub";
			packageProductDependencies = (
			);
			productName = "Tracker Hub";
			productReference = BDE3126D2CF7D9A20036A511 /* Tracker Hub.app */;
			productType = "com.apple.product-type.application";
		};
		BDE3127D2CF7D9A40036A511 /* Tracker HubTests */ = {
			isa = PBXNativeTarget;
			buildConfigurationList = BDE312952CF7D9A40036A511 /* Build configuration list for PBXNativeTarget "Tracker HubTests" */;
			buildPhases = (
				BDE3127A2CF7D9A40036A511 /* Sources */,
				BDE3127B2CF7D9A40036A511 /* Frameworks */,
				BDE3127C2CF7D9A40036A511 /* Resources */,
			);
			buildRules = (
			);
			dependencies = (
				BDE312802CF7D9A40036A511 /* PBXTargetDependency */,
			);
			fileSystemSynchronizedGroups = (
				BDE312812CF7D9A40036A511 /* Tracker HubTests */,
			);
			name = "Tracker HubTests";
			packageProductDependencies = (
			);
			productName = "Tracker HubTests";
			productReference = BDE3127E2CF7D9A40036A511 /* Tracker HubTests.xctest */;
			productType = "com.apple.product-type.bundle.unit-test";
		};
		BDE312872CF7D9A40036A511 /* Tracker HubUITests */ = {
			isa = PBXNativeTarget;
			buildConfigurationList = BDE312982CF7D9A40036A511 /* Build configuration list for PBXNativeTarget "Tracker HubUITests" */;
			buildPhases = (
				BDE312842CF7D9A40036A511 /* Sources */,
				BDE312852CF7D9A40036A511 /* Frameworks */,
				BDE312862CF7D9A40036A511 /* Resources */,
			);
			buildRules = (
			);
			dependencies = (
				BDE3128A2CF7D9A40036A511 /* PBXTargetDependency */,
			);
			fileSystemSynchronizedGroups = (
				BDE3128B2CF7D9A40036A511 /* Tracker HubUITests */,
			);
			name = "Tracker HubUITests";
			packageProductDependencies = (
			);
			productName = "Tracker HubUITests";
			productReference = BDE312882CF7D9A40036A511 /* Tracker HubUITests.xctest */;
			productType = "com.apple.product-type.bundle.ui-testing";
		};
/* End PBXNativeTarget section */

/* Begin PBXProject section */
		BDE312652CF7D9A20036A511 /* Project object */ = {
			isa = PBXProject;
			attributes = {
				BuildIndependentTargetsInParallel = 1;
				LastSwiftUpdateCheck = 1610;
				LastUpgradeCheck = 1610;
				TargetAttributes = {
					BDE3126C2CF7D9A20036A511 = {
						CreatedOnToolsVersion = 16.1;
					};
					BDE3127D2CF7D9A40036A511 = {
						CreatedOnToolsVersion = 16.1;
						TestTargetID = BDE3126C2CF7D9A20036A511;
					};
					BDE312872CF7D9A40036A511 = {
						CreatedOnToolsVersion = 16.1;
						TestTargetID = BDE3126C2CF7D9A20036A511;
					};
				};
			};
			buildConfigurationList = BDE312682CF7D9A20036A511 /* Build configuration list for PBXProject "Tracker Hub" */;
			developmentRegion = en;
			hasScannedForEncodings = 0;
			knownRegions = (
				en,
				Base,
			);
			mainGroup = BDE312642CF7D9A20036A511;
			minimizedProjectReferenceProxies = 1;
			packageReferences = (
			);
			preferredProjectObjectVersion = 77;
			productRefGroup = BDE3126E2CF7D9A20036A511 /* Products */;
			projectDirPath = "";
			projectRoot = "";
			targets = (
				BDE3126C2CF7D9A20036A511 /* Tracker Hub */,
				BDE3127D2CF7D9A40036A511 /* Tracker HubTests */,
				BDE312872CF7D9A40036A511 /* Tracker HubUITests */,
			);
		};
/* End PBXProject section */

/* Begin PBXResourcesBuildPhase section */
		BDE3126B2CF7D9A20036A511 /* Resources */ = {
			isa = PBXResourcesBuildPhase;
			buildActionMask = 2147483647;
			files = (
			);
			runOnlyForDeploymentPostprocessing = 0;
		};
		BDE3127C2CF7D9A40036A511 /* Resources */ = {
			isa = PBXResourcesBuildPhase;
			buildActionMask = 2147483647;
			files = (
			);
			runOnlyForDeploymentPostprocessing = 0;
		};
		BDE312862CF7D9A40036A511 /* Resources */ = {
			isa = PBXResourcesBuildPhase;
			buildActionMask = 2147483647;
			files = (
			);
			runOnlyForDeploymentPostprocessing = 0;
		};
/* End PBXResourcesBuildPhase section */

/* Begin PBXSourcesBuildPhase section */
		BDE312692CF7D9A20036A511 /* Sources */ = {
			isa = PBXSourcesBuildPhase;
			buildActionMask = 2147483647;
			files = (
			);
			runOnlyForDeploymentPostprocessing = 0;
		};
		BDE3127A2CF7D9A40036A511 /* Sources */ = {
			isa = PBXSourcesBuildPhase;
			buildActionMask = 2147483647;
			files = (
			);
			runOnlyForDeploymentPostprocessing = 0;
		};
		BDE312842CF7D9A40036A511 /* Sources */ = {
			isa = PBXSourcesBuildPhase;
			buildActionMask = 2147483647;
			files = (
			);
			runOnlyForDeploymentPostprocessing = 0;
		};
/* End PBXSourcesBuildPhase section */

/* Begin PBXTargetDependency section */
		BDE312802CF7D9A40036A511 /* PBXTargetDependency */ = {
			isa = PBXTargetDependency;
			target = BDE3126C2CF7D9A20036A511 /* Tracker Hub */;
			targetProxy = BDE3127F2CF7D9A40036A511 /* PBXContainerItemProxy */;
		};
		BDE3128A2CF7D9A40036A511 /* PBXTargetDependency */ = {
			isa = PBXTargetDependency;
			target = BDE3126C2CF7D9A20036A511 /* Tracker Hub */;
			targetProxy = BDE312892CF7D9A40036A511 /* PBXContainerItemProxy */;
		};
/* End PBXTargetDependency section */

/* Begin XCBuildConfiguration section */
		BDE312902CF7D9A40036A511 /* Debug */ = {
			isa = XCBuildConfiguration;
			buildSettings = {
				ALWAYS_SEARCH_USER_PATHS = NO;
				ASSETCATALOG_COMPILER_GENERATE_SWIFT_ASSET_SYMBOL_EXTENSIONS = YES;
				CLANG_ANALYZER_NONNULL = YES;
				CLANG_ANALYZER_NUMBER_OBJECT_CONVERSION = YES_AGGRESSIVE;
				CLANG_CXX_LANGUAGE_STANDARD = "gnu++20";
				CLANG_ENABLE_MODULES = YES;
				CLANG_ENABLE_OBJC_ARC = YES;
				CLANG_ENABLE_OBJC_WEAK = YES;
				CLANG_WARN_BLOCK_CAPTURE_AUTORELEASING = YES;
				CLANG_WARN_BOOL_CONVERSION = YES;
				CLANG_WARN_COMMA = YES;
				CLANG_WARN_CONSTANT_CONVERSION = YES;
				CLANG_WARN_DEPRECATED_OBJC_IMPLEMENTATIONS = YES;
				CLANG_WARN_DIRECT_OBJC_ISA_USAGE = YES_ERROR;
				CLANG_WARN_DOCUMENTATION_COMMENTS = YES;
				CLANG_WARN_EMPTY_BODY = YES;
				CLANG_WARN_ENUM_CONVERSION = YES;
				CLANG_WARN_INFINITE_RECURSION = YES;
				CLANG_WARN_INT_CONVERSION = YES;
				CLANG_WARN_NON_LITERAL_NULL_CONVERSION = YES;
				CLANG_WARN_OBJC_IMPLICIT_RETAIN_SELF = YES;
				CLANG_WARN_OBJC_LITERAL_CONVERSION = YES;
				CLANG_WARN_OBJC_ROOT_CLASS = YES_ERROR;
				CLANG_WARN_QUOTED_INCLUDE_IN_FRAMEWORK_HEADER = YES;
				CLANG_WARN_RANGE_LOOP_ANALYSIS = YES;
				CLANG_WARN_STRICT_PROTOTYPES = YES;
				CLANG_WARN_SUSPICIOUS_MOVE = YES;
				CLANG_WARN_UNGUARDED_AVAILABILITY = YES_AGGRESSIVE;
				CLANG_WARN_UNREACHABLE_CODE = YES;
				CLANG_WARN__DUPLICATE_METHOD_MATCH = YES;
				COPY_PHASE_STRIP = NO;
				DEBUG_INFORMATION_FORMAT = dwarf;
				ENABLE_STRICT_OBJC_MSGSEND = YES;
				ENABLE_TESTABILITY = YES;
				ENABLE_USER_SCRIPT_SANDBOXING = YES;
				GCC_C_LANGUAGE_STANDARD = gnu17;
				GCC_DYNAMIC_NO_PIC = NO;
				GCC_NO_COMMON_BLOCKS = YES;
				GCC_OPTIMIZATION_LEVEL = 0;
				GCC_PREPROCESSOR_DEFINITIONS = (
					"DEBUG=1",
					"$(inherited)",
				);
				GCC_WARN_64_TO_32_BIT_CONVERSION = YES;
				GCC_WARN_ABOUT_RETURN_TYPE = YES_ERROR;
				GCC_WARN_UNDECLARED_SELECTOR = YES;
				GCC_WARN_UNINITIALIZED_AUTOS = YES_AGGRESSIVE;
				GCC_WARN_UNUSED_FUNCTION = YES;
				GCC_WARN_UNUSED_VARIABLE = YES;
				LOCALIZATION_PREFERS_STRING_CATALOGS = YES;
				MTL_ENABLE_DEBUG_INFO = INCLUDE_SOURCE;
				MTL_FAST_MATH = YES;
				ONLY_ACTIVE_ARCH = YES;
				SWIFT_ACTIVE_COMPILATION_CONDITIONS = "DEBUG $(inherited)";
				SWIFT_OPTIMIZATION_LEVEL = "-Onone";
			};
			name = Debug;
		};
		BDE312912CF7D9A40036A511 /* Release */ = {
			isa = XCBuildConfiguration;
			buildSettings = {
				ALWAYS_SEARCH_USER_PATHS = NO;
				ASSETCATALOG_COMPILER_GENERATE_SWIFT_ASSET_SYMBOL_EXTENSIONS = YES;
				CLANG_ANALYZER_NONNULL = YES;
				CLANG_ANALYZER_NUMBER_OBJECT_CONVERSION = YES_AGGRESSIVE;
				CLANG_CXX_LANGUAGE_STANDARD = "gnu++20";
				CLANG_ENABLE_MODULES = YES;
				CLANG_ENABLE_OBJC_ARC = YES;
				CLANG_ENABLE_OBJC_WEAK = YES;
				CLANG_WARN_BLOCK_CAPTURE_AUTORELEASING = YES;
				CLANG_WARN_BOOL_CONVERSION = YES;
				CLANG_WARN_COMMA = YES;
				CLANG_WARN_CONSTANT_CONVERSION = YES;
				CLANG_WARN_DEPRECATED_OBJC_IMPLEMENTATIONS = YES;
				CLANG_WARN_DIRECT_OBJC_ISA_USAGE = YES_ERROR;
				CLANG_WARN_DOCUMENTATION_COMMENTS = YES;
				CLANG_WARN_EMPTY_BODY = YES;
				CLANG_WARN_ENUM_CONVERSION = YES;
				CLANG_WARN_INFINITE_RECURSION = YES;
				CLANG_WARN_INT_CONVERSION = YES;
				CLANG_WARN_NON_LITERAL_NULL_CONVERSION = YES;
				CLANG_WARN_OBJC_IMPLICIT_RETAIN_SELF = YES;
				CLANG_WARN_OBJC_LITERAL_CONVERSION = YES;
				CLANG_WARN_OBJC_ROOT_CLASS = YES_ERROR;
				CLANG_WARN_QUOTED_INCLUDE_IN_FRAMEWORK_HEADER = YES;
				CLANG_WARN_RANGE_LOOP_ANALYSIS = YES;
				CLANG_WARN_STRICT_PROTOTYPES = YES;
				CLANG_WARN_SUSPICIOUS_MOVE = YES;
				CLANG_WARN_UNGUARDED_AVAILABILITY = YES_AGGRESSIVE;
				CLANG_WARN_UNREACHABLE_CODE = YES;
				CLANG_WARN__DUPLICATE_METHOD_MATCH = YES;
				COPY_PHASE_STRIP = NO;
				DEBUG_INFORMATION_FORMAT = "dwarf-with-dsym";
				ENABLE_NS_ASSERTIONS = NO;
				ENABLE_STRICT_OBJC_MSGSEND = YES;
				ENABLE_USER_SCRIPT_SANDBOXING = YES;
				GCC_C_LANGUAGE_STANDARD = gnu17;
				GCC_NO_COMMON_BLOCKS = YES;
				GCC_WARN_64_TO_32_BIT_CONVERSION = YES;
				GCC_WARN_ABOUT_RETURN_TYPE = YES_ERROR;
				GCC_WARN_UNDECLARED_SELECTOR = YES;
				GCC_WARN_UNINITIALIZED_AUTOS = YES_AGGRESSIVE;
				GCC_WARN_UNUSED_FUNCTION = YES;
				GCC_WARN_UNUSED_VARIABLE = YES;
				LOCALIZATION_PREFERS_STRING_CATALOGS = YES;
				MTL_ENABLE_DEBUG_INFO = NO;
				MTL_FAST_MATH = YES;
				SWIFT_COMPILATION_MODE = wholemodule;
			};
			name = Release;
		};
		BDE312932CF7D9A40036A511 /* Debug */ = {
			isa = XCBuildConfiguration;
			buildSettings = {
				ASSETCATALOG_COMPILER_APPICON_NAME = AppIcon;
				ASSETCATALOG_COMPILER_GLOBAL_ACCENT_COLOR_NAME = AccentColor;
				CODE_SIGN_ENTITLEMENTS = "Tracker Hub/Tracker_Hub.entitlements";
				CODE_SIGN_STYLE = Automatic;
				CURRENT_PROJECT_VERSION = 1;
				DEVELOPMENT_ASSET_PATHS = "\"Tracker Hub/Preview Content\"";
				DEVELOPMENT_TEAM = 4P22TJC4BQ;
				ENABLE_PREVIEWS = YES;
				GENERATE_INFOPLIST_FILE = YES;
				INFOPLIST_FILE = "Tracker-Hub-Info.plist";
				"INFOPLIST_KEY_UIApplicationSceneManifest_Generation[sdk=iphoneos*]" = YES;
				"INFOPLIST_KEY_UIApplicationSceneManifest_Generation[sdk=iphonesimulator*]" = YES;
				"INFOPLIST_KEY_UIApplicationSupportsIndirectInputEvents[sdk=iphoneos*]" = YES;
				"INFOPLIST_KEY_UIApplicationSupportsIndirectInputEvents[sdk=iphonesimulator*]" = YES;
				"INFOPLIST_KEY_UILaunchScreen_Generation[sdk=iphoneos*]" = YES;
				"INFOPLIST_KEY_UILaunchScreen_Generation[sdk=iphonesimulator*]" = YES;
				"INFOPLIST_KEY_UIStatusBarStyle[sdk=iphoneos*]" = UIStatusBarStyleDefault;
				"INFOPLIST_KEY_UIStatusBarStyle[sdk=iphonesimulator*]" = UIStatusBarStyleDefault;
				INFOPLIST_KEY_UISupportedInterfaceOrientations_iPad = "UIInterfaceOrientationPortrait UIInterfaceOrientationPortraitUpsideDown UIInterfaceOrientationLandscapeLeft UIInterfaceOrientationLandscapeRight";
				INFOPLIST_KEY_UISupportedInterfaceOrientations_iPhone = "UIInterfaceOrientationPortrait UIInterfaceOrientationLandscapeLeft UIInterfaceOrientationLandscapeRight";
				IPHONEOS_DEPLOYMENT_TARGET = 18.1;
				LD_RUNPATH_SEARCH_PATHS = "@executable_path/Frameworks";
				"LD_RUNPATH_SEARCH_PATHS[sdk=macosx*]" = "@executable_path/../Frameworks";
				MACOSX_DEPLOYMENT_TARGET = 15.0;
				MARKETING_VERSION = 1.0;
				PRODUCT_BUNDLE_IDENTIFIER = "Ahiu.Tracker-Hub";
				"PRODUCT_BUNDLE_IDENTIFIER[sdk=iphoneos*]" = "Ahui.Tracker-Hub";
				PRODUCT_NAME = "$(TARGET_NAME)";
				SDKROOT = auto;
				SUPPORTED_PLATFORMS = "iphoneos iphonesimulator xros xrsimulator";
				SUPPORTS_MACCATALYST = NO;
				SWIFT_EMIT_LOC_STRINGS = YES;
				SWIFT_VERSION = 5.0;
				TARGETED_DEVICE_FAMILY = "1,2,7";
				XROS_DEPLOYMENT_TARGET = 2.1;
			};
			name = Debug;
		};
		BDE312942CF7D9A40036A511 /* Release */ = {
			isa = XCBuildConfiguration;
			buildSettings = {
				ASSETCATALOG_COMPILER_APPICON_NAME = AppIcon;
				ASSETCATALOG_COMPILER_GLOBAL_ACCENT_COLOR_NAME = AccentColor;
				CODE_SIGN_ENTITLEMENTS = "Tracker Hub/Tracker_Hub.entitlements";
				CODE_SIGN_STYLE = Automatic;
				CURRENT_PROJECT_VERSION = 1;
				DEVELOPMENT_ASSET_PATHS = "\"Tracker Hub/Preview Content\"";
				DEVELOPMENT_TEAM = 4P22TJC4BQ;
				ENABLE_PREVIEWS = YES;
				GENERATE_INFOPLIST_FILE = YES;
				INFOPLIST_FILE = "Tracker-Hub-Info.plist";
				"INFOPLIST_KEY_UIApplicationSceneManifest_Generation[sdk=iphoneos*]" = YES;
				"INFOPLIST_KEY_UIApplicationSceneManifest_Generation[sdk=iphonesimulator*]" = YES;
				"INFOPLIST_KEY_UIApplicationSupportsIndirectInputEvents[sdk=iphoneos*]" = YES;
				"INFOPLIST_KEY_UIApplicationSupportsIndirectInputEvents[sdk=iphonesimulator*]" = YES;
				"INFOPLIST_KEY_UILaunchScreen_Generation[sdk=iphoneos*]" = YES;
				"INFOPLIST_KEY_UILaunchScreen_Generation[sdk=iphonesimulator*]" = YES;
				"INFOPLIST_KEY_UIStatusBarStyle[sdk=iphoneos*]" = UIStatusBarStyleDefault;
				"INFOPLIST_KEY_UIStatusBarStyle[sdk=iphonesimulator*]" = UIStatusBarStyleDefault;
				INFOPLIST_KEY_UISupportedInterfaceOrientations_iPad = "UIInterfaceOrientationPortrait UIInterfaceOrientationPortraitUpsideDown UIInterfaceOrientationLandscapeLeft UIInterfaceOrientationLandscapeRight";
				INFOPLIST_KEY_UISupportedInterfaceOrientations_iPhone = "UIInterfaceOrientationPortrait UIInterfaceOrientationLandscapeLeft UIInterfaceOrientationLandscapeRight";
				IPHONEOS_DEPLOYMENT_TARGET = 18.1;
				LD_RUNPATH_SEARCH_PATHS = "@executable_path/Frameworks";
				"LD_RUNPATH_SEARCH_PATHS[sdk=macosx*]" = "@executable_path/../Frameworks";
				MACOSX_DEPLOYMENT_TARGET = 15.0;
				MARKETING_VERSION = 1.0;
				PRODUCT_BUNDLE_IDENTIFIER = "Ahiu.Tracker-Hub";
				PRODUCT_NAME = "$(TARGET_NAME)";
				SDKROOT = auto;
				SUPPORTED_PLATFORMS = "iphoneos iphonesimulator xros xrsimulator";
				SUPPORTS_MACCATALYST = NO;
				SWIFT_EMIT_LOC_STRINGS = YES;
				SWIFT_VERSION = 5.0;
				TARGETED_DEVICE_FAMILY = "1,2,7";
				XROS_DEPLOYMENT_TARGET = 2.1;
			};
			name = Release;
		};
		BDE312962CF7D9A40036A511 /* Debug */ = {
			isa = XCBuildConfiguration;
			buildSettings = {
				BUNDLE_LOADER = "$(TEST_HOST)";
				CODE_SIGN_STYLE = Automatic;
				CURRENT_PROJECT_VERSION = 1;
				GENERATE_INFOPLIST_FILE = YES;
				IPHONEOS_DEPLOYMENT_TARGET = 18.1;
				MACOSX_DEPLOYMENT_TARGET = 15.0;
				MARKETING_VERSION = 1.0;
				PRODUCT_BUNDLE_IDENTIFIER = "Ahiu.Tracker-HubTests";
				PRODUCT_NAME = "$(TARGET_NAME)";
				SDKROOT = auto;
				SUPPORTED_PLATFORMS = "iphoneos iphonesimulator macosx xros xrsimulator";
				SWIFT_EMIT_LOC_STRINGS = NO;
				SWIFT_VERSION = 5.0;
				TARGETED_DEVICE_FAMILY = "1,2,7";
				TEST_HOST = "$(BUILT_PRODUCTS_DIR)/Tracker Hub.app/$(BUNDLE_EXECUTABLE_FOLDER_PATH)/Tracker Hub";
				XROS_DEPLOYMENT_TARGET = 2.1;
			};
			name = Debug;
		};
		BDE312972CF7D9A40036A511 /* Release */ = {
			isa = XCBuildConfiguration;
			buildSettings = {
				BUNDLE_LOADER = "$(TEST_HOST)";
				CODE_SIGN_STYLE = Automatic;
				CURRENT_PROJECT_VERSION = 1;
				GENERATE_INFOPLIST_FILE = YES;
				IPHONEOS_DEPLOYMENT_TARGET = 18.1;
				MACOSX_DEPLOYMENT_TARGET = 15.0;
				MARKETING_VERSION = 1.0;
				PRODUCT_BUNDLE_IDENTIFIER = "Ahiu.Tracker-HubTests";
				PRODUCT_NAME = "$(TARGET_NAME)";
				SDKROOT = auto;
				SUPPORTED_PLATFORMS = "iphoneos iphonesimulator macosx xros xrsimulator";
				SWIFT_EMIT_LOC_STRINGS = NO;
				SWIFT_VERSION = 5.0;
				TARGETED_DEVICE_FAMILY = "1,2,7";
				TEST_HOST = "$(BUILT_PRODUCTS_DIR)/Tracker Hub.app/$(BUNDLE_EXECUTABLE_FOLDER_PATH)/Tracker Hub";
				XROS_DEPLOYMENT_TARGET = 2.1;
			};
			name = Release;
		};
		BDE312992CF7D9A40036A511 /* Debug */ = {
			isa = XCBuildConfiguration;
			buildSettings = {
				CODE_SIGN_STYLE = Automatic;
				CURRENT_PROJECT_VERSION = 1;
				GENERATE_INFOPLIST_FILE = YES;
				IPHONEOS_DEPLOYMENT_TARGET = 18.1;
				MACOSX_DEPLOYMENT_TARGET = 15.0;
				MARKETING_VERSION = 1.0;
				PRODUCT_BUNDLE_IDENTIFIER = "Ahiu.Tracker-HubUITests";
				PRODUCT_NAME = "$(TARGET_NAME)";
				SDKROOT = auto;
				SUPPORTED_PLATFORMS = "iphoneos iphonesimulator macosx xros xrsimulator";
				SWIFT_EMIT_LOC_STRINGS = NO;
				SWIFT_VERSION = 5.0;
				TARGETED_DEVICE_FAMILY = "1,2,7";
				TEST_TARGET_NAME = "Tracker Hub";
				XROS_DEPLOYMENT_TARGET = 2.1;
			};
			name = Debug;
		};
		BDE3129A2CF7D9A40036A511 /* Release */ = {
			isa = XCBuildConfiguration;
			buildSettings = {
				CODE_SIGN_STYLE = Automatic;
				CURRENT_PROJECT_VERSION = 1;
				GENERATE_INFOPLIST_FILE = YES;
				IPHONEOS_DEPLOYMENT_TARGET = 18.1;
				MACOSX_DEPLOYMENT_TARGET = 15.0;
				MARKETING_VERSION = 1.0;
				PRODUCT_BUNDLE_IDENTIFIER = "Ahiu.Tracker-HubUITests";
				PRODUCT_NAME = "$(TARGET_NAME)";
				SDKROOT = auto;
				SUPPORTED_PLATFORMS = "iphoneos iphonesimulator macosx xros xrsimulator";
				SWIFT_EMIT_LOC_STRINGS = NO;
				SWIFT_VERSION = 5.0;
				TARGETED_DEVICE_FAMILY = "1,2,7";
				TEST_TARGET_NAME = "Tracker Hub";
				XROS_DEPLOYMENT_TARGET = 2.1;
			};
			name = Release;
		};
/* End XCBuildConfiguration section */

/* Begin XCConfigurationList section */
		BDE312682CF7D9A20036A511 /* Build configuration list for PBXProject "Tracker Hub" */ = {
			isa = XCConfigurationList;
			buildConfigurations = (
				BDE312902CF7D9A40036A511 /* Debug */,
				BDE312912CF7D9A40036A511 /* Release */,
			);
			defaultConfigurationIsVisible = 0;
			defaultConfigurationName = Release;
		};
		BDE312922CF7D9A40036A511 /* Build configuration list for PBXNativeTarget "Tracker Hub" */ = {
			isa = XCConfigurationList;
			buildConfigurations = (
				BDE312932CF7D9A40036A511 /* Debug */,
				BDE312942CF7D9A40036A511 /* Release */,
			);
			defaultConfigurationIsVisible = 0;
			defaultConfigurationName = Release;
		};
		BDE312952CF7D9A40036A511 /* Build configuration list for PBXNativeTarget "Tracker HubTests" */ = {
			isa = XCConfigurationList;
			buildConfigurations = (
				BDE312962CF7D9A40036A511 /* Debug */,
				BDE312972CF7D9A40036A511 /* Release */,
			);
			defaultConfigurationIsVisible = 0;
			defaultConfigurationName = Release;
		};
		BDE312982CF7D9A40036A511 /* Build configuration list for PBXNativeTarget "Tracker HubUITests" */ = {
			isa = XCConfigurationList;
			buildConfigurations = (
				BDE312992CF7D9A40036A511 /* Debug */,
				BDE3129A2CF7D9A40036A511 /* Release */,
			);
			defaultConfigurationIsVisible = 0;
			defaultConfigurationName = Release;
		};
/* End XCConfigurationList section */
	};
	rootObject = BDE312652CF7D9A20036A511 /* Project object */;
}
