{
  "originHash" : "db693ed3751f05a954ead011b11e1b9e2e80c8bb1962b8b45748f54628bf7239",
  "pins" : [
    {
      "identity" : "deviceppi",
      "kind" : "remoteSourceControl",
      "location" : "https://github.com/Clafou/DevicePpi",
      "state" : {
        "revision" : "337a49ae5eb8a43e1d1473ad5a587c012b82b3ab",
        "version" : "1.2.21"
      }
    },
    {
      "identity" : "swiftkeychainwrapper",
      "kind" : "remoteSourceControl",
      "location" : "https://github.com/jrendel/SwiftKeychainWrapper",
      "state" : {
        "revision" : "185a3165346a03767101c4f62e9a545a0fe0530f",
        "version" : "4.0.1"
      }
    }
  ],
  "version" : 3
}
